
Microsoft Visual Studio Solution File, Format Version 12.00
# Visual Studio Version 17
VisualStudioVersion = 17.6.33801.468
MinimumVisualStudioVersion = 10.0.40219.1
Project("{FAE04EC0-301F-11D3-BF4B-00C04F79EFBC}") = "AspBlog", "AspBlog\AspBlog.csproj", "{AAAC1FF0-19B8-4925-AA9A-649CC1F80928}"
EndProject
Global
	GlobalSection(SolutionConfigurationPlatforms) = preSolution
		Debug|Any CPU = Debug|Any CPU
		Release|Any CPU = Release|Any CPU
	EndGlobalSection
	GlobalSection(ProjectConfigurationPlatforms) = postSolution
		{AAAC1FF0-19B8-4925-AA9A-649CC1F80928}.Debug|Any CPU.ActiveCfg = Debug|Any CPU
		{AAAC1FF0-19B8-4925-AA9A-649CC1F80928}.Debug|Any CPU.Build.0 = Debug|Any CPU
		{AAAC1FF0-19B8-4925-AA9A-649CC1F80928}.Release|Any CPU.ActiveCfg = Release|Any CPU
		{AAAC1FF0-19B8-4925-AA9A-649CC1F80928}.Release|Any CPU.Build.0 = Release|Any CPU
	EndGlobalSection
	GlobalSection(SolutionProperties) = preSolution
		HideSolutionNode = FALSE
	EndGlobalSection
	GlobalSection(ExtensibilityGlobals) = postSolution
		SolutionGuid = {5B6E8606-B539-4CA0-89F8-01156AAB0289}
	EndGlobalSection
EndGlobal
